<?xml version="1.0" encoding="utf-8"?>
<Project ToolsVersion="4.0" xmlns="http://schemas.microsoft.com/developer/msbuild/2003">
  <ItemGroup>
    <Filter Include="Game">
      <UniqueIdentifier>{d2d0fd71-4d67-48c2-b343-6fdb5782e40f}</UniqueIdentifier>
    </Filter>
    <Filter Include="Main">
      <UniqueIdentifier>{7efaf247-0110-432a-9d3a-fb863c368ac6}</UniqueIdentifier>
    </Filter>
    <Filter Include="Shaders">
      <UniqueIdentifier>{ec1fc7a4-e083-4ffe-aa6f-9f1c2c16b5c4}</UniqueIdentifier>
    </Filter>
    <Filter Include="Main\Camera">
      <UniqueIdentifier>{121560b7-55e5-4c5c-8583-a0237c71b766}</UniqueIdentifier>
    </Filter>
    <Filter Include="Game\Week1">
      <UniqueIdentifier>{fb220bdc-19e4-4e9b-9723-0aa76924d1c1}</UniqueIdentifier>
    </Filter>
    <Filter Include="Game\Week2">
      <UniqueIdentifier>{9db77696-38ad-44b7-ae28-6e22b75c9bb1}</UniqueIdentifier>
    </Filter>
    <Filter Include="Shaders\Week1">
      <UniqueIdentifier>{731987d3-8c58-4231-b6e1-44b5e520679e}</UniqueIdentifier>
    </Filter>
    <Filter Include="Shaders\Week2">
      <UniqueIdentifier>{29491d50-7a43-41f6-a8a7-ac6b51671980}</UniqueIdentifier>
    </Filter>
    <Filter Include="Shaders\Common">
      <UniqueIdentifier>{c73f418f-c8d4-44aa-8a4e-e4b53e0e9d9d}</UniqueIdentifier>
    </Filter>
  </ItemGroup>
  <ItemGroup>
    <ClCompile Include="pch.cpp">
      <Filter>Main</Filter>
    </ClCompile>
    <ClCompile Include="Main.cpp">
      <Filter>Main</Filter>
    </ClCompile>
    <ClCompile Include="CameraScript.cpp">
      <Filter>Main\Camera</Filter>
    </ClCompile>
    <ClCompile Include="04. CameraDemo.cpp">
      <Filter>Main\Camera</Filter>
    </ClCompile>
    <ClCompile Include="01.TriagnleDemo.cpp">
      <Filter>Game\Week1</Filter>
    </ClCompile>
    <ClCompile Include="02.QuadDemo.cpp">
      <Filter>Game\Week1</Filter>
    </ClCompile>
    <ClCompile Include="03.ConstantBufferDemo.cpp">
      <Filter>Game\Week1</Filter>
    </ClCompile>
    <ClCompile Include="05.TextureDemo.cpp">
      <Filter>Game\Week1</Filter>
    </ClCompile>
    <ClCompile Include="06.SamplerDemo.cpp">
      <Filter>Game\Week1</Filter>
    </ClCompile>
    <ClCompile Include="07.HeightMapDemo.cpp">
      <Filter>Game\Week1</Filter>
    </ClCompile>
    <ClCompile Include="08.NormalDemo.cpp">
      <Filter>Game\Week1</Filter>
    </ClCompile>
    <ClCompile Include="09.MeshDemo.cpp">
      <Filter>Game\Week1</Filter>
    </ClCompile>
    <ClCompile Include="10.GlobalShaderDemo.cpp">
      <Filter>Game\Week2</Filter>
    </ClCompile>
    <ClCompile Include="11.DepthStencilDemo.cpp">
      <Filter>Game\Week2</Filter>
    </ClCompile>
    <ClCompile Include="12.AmbientDemo.cpp">
      <Filter>Game\Week2</Filter>
    </ClCompile>
    <ClCompile Include="13.DiffuseDemo.cpp">
      <Filter>Game\Week2</Filter>
    </ClCompile>
    <ClCompile Include="14.SpecularDemo.cpp">
      <Filter>Game\Week2</Filter>
    </ClCompile>
    <ClCompile Include="15.EmissiveDemo.cpp">
      <Filter>Game\Week2</Filter>
    </ClCompile>
    <ClCompile Include="16.LightingDemo.cpp">
      <Filter>Game\Week2</Filter>
    </ClCompile>
    <ClCompile Include="17.MaterialDemo.cpp">
      <Filter>Game\Week2</Filter>
    </ClCompile>
    <ClCompile Include="18.NormalMappingDemo.cpp">
      <Filter>Game\Week2</Filter>
    </ClCompile>
  </ItemGroup>
  <ItemGroup>
    <ClInclude Include="pch.h">
      <Filter>Main</Filter>
    </ClInclude>
    <ClInclude Include="Main.h">
      <Filter>Main</Filter>
    </ClInclude>
    <ClInclude Include="CameraScript.h">
      <Filter>Main\Camera</Filter>
    </ClInclude>
    <ClInclude Include="04. CameraDemo.h">
      <Filter>Main\Camera</Filter>
    </ClInclude>
    <ClInclude Include="01.TriangleDemo.h">
      <Filter>Game\Week1</Filter>
    </ClInclude>
    <ClInclude Include="02.QuadDemo.h">
      <Filter>Game\Week1</Filter>
    </ClInclude>
    <ClInclude Include="03.ConstantBufferDemo.h">
      <Filter>Game\Week1</Filter>
    </ClInclude>
    <ClInclude Include="05.TextureDemo.h">
      <Filter>Game\Week1</Filter>
    </ClInclude>
    <ClInclude Include="07.HeightMapDemo.h">
      <Filter>Game\Week1</Filter>
    </ClInclude>
    <ClInclude Include="06.SamplerDemo.h">
      <Filter>Game\Week1</Filter>
    </ClInclude>
    <ClInclude Include="08.NormalDemo.h">
      <Filter>Game\Week1</Filter>
    </ClInclude>
    <ClInclude Include="09.MeshDemo.h">
      <Filter>Game\Week1</Filter>
    </ClInclude>
    <ClInclude Include="10.GlobalShaderDemo.h">
      <Filter>Game\Week2</Filter>
    </ClInclude>
    <ClInclude Include="11.DepthStencilDemo.h">
      <Filter>Game\Week2</Filter>
    </ClInclude>
    <ClInclude Include="12.AmbientDemo.h">
      <Filter>Game\Week2</Filter>
    </ClInclude>
    <ClInclude Include="13.DiffuseDemo.h">
      <Filter>Game\Week2</Filter>
    </ClInclude>
    <ClInclude Include="14.SpecularDemo.h">
      <Filter>Game\Week2</Filter>
    </ClInclude>
    <ClInclude Include="15.EmissiveDemo.h">
      <Filter>Game\Week2</Filter>
    </ClInclude>
    <ClInclude Include="16.LightingDemo.h">
      <Filter>Game\Week2</Filter>
    </ClInclude>
    <ClInclude Include="17.MaterialDemo.h">
      <Filter>Game\Week2</Filter>
    </ClInclude>
    <ClInclude Include="18.NormalMappingDemo.h">
      <Filter>Game\Week2</Filter>
    </ClInclude>
  </ItemGroup>
  <ItemGroup>
    <FxCompile Include="..\Shaders\01.Triangle.fx">
      <Filter>Shaders\Week1</Filter>
    </FxCompile>
    <FxCompile Include="..\Shaders\02.Quad.fx">
      <Filter>Shaders\Week1</Filter>
    </FxCompile>
    <FxCompile Include="..\Shaders\03.ConstantBuffer.fx">
      <Filter>Shaders\Week1</Filter>
    </FxCompile>
    <FxCompile Include="..\Shaders\05.Sampler.fx">
      <Filter>Shaders\Week1</Filter>
    </FxCompile>
    <FxCompile Include="..\Shaders\04.Texture.fx">
      <Filter>Shaders\Week1</Filter>
    </FxCompile>
    <FxCompile Include="..\Shaders\07.Normal.fx">
      <Filter>Shaders\Week1</Filter>
    </FxCompile>
    <FxCompile Include="..\Shaders\06.Terrain.fx">
      <Filter>Shaders\Week1</Filter>
    </FxCompile>
    <FxCompile Include="..\Shaders\00.Global.fx">
      <Filter>Shaders\Common</Filter>
    </FxCompile>
    <FxCompile Include="..\Shaders\08.GlobalTest.fx">
      <Filter>Shaders\Week2</Filter>
    </FxCompile>
    <FxCompile Include="..\Shaders\09.Lighting_Ambient.fx">
      <Filter>Shaders\Week2</Filter>
    </FxCompile>
    <FxCompile Include="..\Shaders\10.Lighting_Diffuse.fx">
      <Filter>Shaders\Week2</Filter>
    </FxCompile>
    <FxCompile Include="..\Shaders\11.Lighting_Specular.fx">
      <Filter>Shaders\Week2</Filter>
    </FxCompile>
    <FxCompile Include="..\Shaders\12.Lighting_Emissive.fx">
      <Filter>Shaders\Week2</Filter>
    </FxCompile>
    <FxCompile Include="..\Shaders\13.Lighting.fx">
      <Filter>Shaders\Week2</Filter>
    </FxCompile>
    <FxCompile Include="..\Shaders\00.Light.fx">
      <Filter>Shaders\Common</Filter>
    </FxCompile>
    <FxCompile Include="..\Shaders\14.NormalMapping.fx">
      <Filter>Shaders\Week2</Filter>
    </FxCompile>
  </ItemGroup>
</Project>